# This file is autogenerated, do not edit; changes may be undone by the next 'dep ensure'.


[[projects]]
  branch = "master"
  name = "github.com/BurntSushi/toml"
  packages = ["."]
  revision = "8b58b6030fce084b58a61e2bc3fdf183d5881ab4"

[[projects]]
  branch = "master"
  name = "github.com/armon/go-metrics"
  packages = ["."]
  revision = "f036747b9d0e8590f175a5d654a2194a7d9df4b5"

[[projects]]
  branch = "master"
  name = "github.com/dimfeld/httppath"
  packages = ["."]
  revision = "c8e499c3ef3c3e272ed8bdcc1ccf39f73c88debc"

[[projects]]
  name = "github.com/dimfeld/httptreemux"
  packages = ["."]
  revision = "55bdaa3f4bf4cf91acd94701fa2044fb487c455b"
  version = "v4.0.0"

[[projects]]
  name = "github.com/go-stack/stack"
  packages = ["."]
  revision = "7a2f19628aabfe68f0766b59e74d6315f8347d22"
  version = "v1.5.3"

[[projects]]
  name = "github.com/goadesign/goa"
  packages = [".","client","design","design/apidsl","dslengine","goatest","logging/log15","middleware","middleware/gzip","uuid"]
  revision = "58f3177f36f2c50ee6119da92795e48bac6d6243"
  version = "v1.2.0"

[[projects]]
  branch = "master"
  name = "github.com/inconshreveable/log15"
  packages = [".","term"]
  revision = "74a0988b5f804e8ce9ff74fca4f16980776dff29"

[[projects]]
  branch = "master"
  name = "github.com/inconshreveable/mousetrap"
  packages = ["."]
  revision = "76626ae9c91c4f2a10f34cad8ce83ea42c93bb75"

[[projects]]
  branch = "master"
  name = "github.com/manveru/faker"
  packages = ["."]
  revision = "717f7cf83fb78669bfab612749c2e8ff63d5be11"

[[projects]]
  name = "github.com/mattn/go-colorable"
  packages = ["."]
  revision = "941b50ebc6efddf4c41c8e4537a5f68a4e686b24"
  version = "v0.0.8"

[[projects]]
  name = "github.com/mattn/go-isatty"
  packages = ["."]
  revision = "fc9e8d8ef48496124e79ae0df75490096eccf6fe"
  version = "v0.0.2"

[[projects]]
  name = "github.com/satori/go.uuid"
  packages = ["."]
  revision = "879c5887cd475cd7864858769793b2ceb0d44feb"
  version = "v1.1.0"

[[projects]]
  branch = "master"
  name = "github.com/spf13/cobra"
  packages = ["."]
  revision = "d638dcb7c7c1c9b62f3a6297a17834980d245dc7"

[[projects]]
  branch = "master"
  name = "github.com/spf13/pflag"
  packages = ["."]
  revision = "e57e3eeb33f795204c1ca35f56c44f83227c6e66"

[[projects]]
  branch = "master"
  name = "github.com/zach-klippenstein/goregen"
  packages = ["."]
  revision = "795b5e3961ea1912fde60af417ad85e86acc0d6a"

[[projects]]
  branch = "master"
  name = "golang.org/x/net"
  packages = ["context","websocket"]
  revision = "5f8847ae0d0e90b6a9dc8148e7ad616874625171"

[[projects]]
  branch = "master"
  name = "golang.org/x/sys"
  packages = ["unix"]
  revision = "c23410a886927bab8ca5e80b08af6a56faeb330d"

[[projects]]
  branch = "v2"
  name = "gopkg.in/mgo.v2"
  packages = [".","bson","internal/json","internal/sasl","internal/scram"]
  revision = "3f83fa5005286a7fe593b055f0d7771a7dce4655"

[solve-meta]
  analyzer-name = "dep"
  analyzer-version = 1
  inputs-digest = "d2b790f233a4e5308fb4ec11d560f787d1e9d3660662b344149434b34fde24c8"
  solver-name = "gps-cdcl"
  solver-version = 1
