# This file is autogenerated, do not edit; changes may be undone by the next 'dep ensure'.


[[projects]]
  branch = "master"
  name = "github.com/BurntSushi/toml"
  packages = ["."]
  revision = "99064174e013895bbd9b025c31100bd1d9b590ca"

[[projects]]
  branch = "master"
  name = "github.com/armon/go-metrics"
  packages = ["."]
  revision = "93f237eba9b0602f3e73710416558854a81d9337"

[[projects]]
  branch = "master"
  name = "github.com/dimfeld/httppath"
  packages = ["."]
  revision = "c8e499c3ef3c3e272ed8bdcc1ccf39f73c88debc"

[[projects]]
  branch = "master"
  name = "github.com/dimfeld/httptreemux"
  packages = ["."]
  revision = "86f7c217d9043ebc6adfd8e2ed04a0bb1e1db651"

[[projects]]
  branch = "master"
  name = "github.com/go-stack/stack"
  packages = ["."]
  revision = "100eb0c0a9c5b306ca2fb4f165df21d80ada4b82"

[[projects]]
  name = "github.com/goadesign/goa"
  packages = [".","client","design","design/apidsl","dslengine","goatest","logging/log15","middleware","middleware/gzip","uuid"]
  revision = "e4ce857d53544c2f9c3a81c5fcf4b7c7dc4bb6ce"

[[projects]]
  branch = "master"
  name = "github.com/inconshreveable/log15"
  packages = [".","term"]
  revision = "39bacc234bf1afd0b68573e95b45871f67ba2cd4"

[[projects]]
  branch = "master"
  name = "github.com/inconshreveable/mousetrap"
  packages = ["."]
  revision = "76626ae9c91c4f2a10f34cad8ce83ea42c93bb75"

[[projects]]
  branch = "master"
  name = "github.com/manveru/faker"
  packages = ["."]
  revision = "717f7cf83fb78669bfab612749c2e8ff63d5be11"

[[projects]]
  branch = "master"
  name = "github.com/mattn/go-colorable"
  packages = ["."]
  revision = "ded68f7a9561c023e790de24279db7ebf473ea80"

[[projects]]
  branch = "master"
  name = "github.com/mattn/go-isatty"
  packages = ["."]
  revision = "fc9e8d8ef48496124e79ae0df75490096eccf6fe"

[[projects]]
  branch = "master"
  name = "github.com/satori/go.uuid"
  packages = ["."]
  revision = "5bf94b69c6b68ee1b541973bb8e1144db23a194b"

[[projects]]
  branch = "master"
  name = "github.com/spf13/cobra"
  packages = ["."]
  revision = "6421115516beea57a41a46555c21899eb83f6387"

[[projects]]
  branch = "master"
  name = "github.com/spf13/pflag"
  packages = ["."]
  revision = "d16db1e50e33dff1b6cdf37596cef36742128670"

[[projects]]
  branch = "master"
  name = "github.com/zach-klippenstein/goregen"
  packages = ["."]
  revision = "795b5e3961ea1912fde60af417ad85e86acc0d6a"

[[projects]]
  branch = "master"
  name = "golang.org/x/net"
  packages = ["context","websocket"]
  revision = "ffcf1bedda3b04ebb15a168a59800a73d6dc0f4d"

[[projects]]
  branch = "master"
  name = "golang.org/x/sys"
  packages = ["unix"]
  revision = "a55a76086885b80f79961eacb876ebd8caf3868d"

[[projects]]
  branch = "v2"
  name = "gopkg.in/mgo.v2"
  packages = [".","bson","internal/json","internal/sasl","internal/scram"]
  revision = "3f83fa5005286a7fe593b055f0d7771a7dce4655"

[solve-meta]
  analyzer-name = "dep"
  analyzer-version = 1
  inputs-digest = "fdb85130cedad9379c26baaf00cb38b420eff60e82d5e0d84dee2140e34248ff"
  solver-name = "gps-cdcl"
  solver-version = 1
